github.com/chrisboyle/victor-private v0.0.0-20210410200121-c03282f406db h1:koxGbH9DFMAY1S5MgRes4su/nvaOjwqbG/uJWtOqJW0=
github.com/chrisboyle/victor-private v0.0.0-20210410200121-c03282f406db/go.mod h1:V/eOsfiZGOiWvon1S8tsbrybHGezVTMgs+s0OREeL6A=
github.com/chrisboyle/victor-private v0.0.0-20231106115146-d4572a6cae73 h1:lyf68la4br8tnuJ0tAlUBplOy98wAZOgPzYBVsJF/zc=
github.com/chrisboyle/victor-private v0.0.0-20231106115146-d4572a6cae73/go.mod h1:V/eOsfiZGOiWvon1S8tsbrybHGezVTMgs+s0OREeL6A=
github.com/chrisboyle/victor-private v0.0.0-20240210191650-cb4692aa174e h1:HNphzrr3pm4Y6yUrgEiTeKqIjoRu1E5Bu/D4bvx5Fqo=
github.com/chrisboyle/victor-private v0.0.0-20240210191650-cb4692aa174e/go.mod h1:V/eOsfiZGOiWvon1S8tsbrybHGezVTMgs+s0OREeL6A=
